<?xml version="1.0" encoding="utf-8"?>
<Project ToolsVersion="4.0" xmlns="http://schemas.microsoft.com/developer/msbuild/2003">
  <ItemGroup>
    <Filter Include="GEWS">
      <UniqueIdentifier>{7B2F857C-6766-860D-1053-6C10FC68020F}</UniqueIdentifier>
    </Filter>
    <Filter Include="GEWS\Events">
      <UniqueIdentifier>{FF4211FA-6BF8-89EF-F4EC-83C660A180F3}</UniqueIdentifier>
    </Filter>
  </ItemGroup>
  <ItemGroup>
    <ClInclude Include="src\GEWS.h" />
    <ClInclude Include="src\GEWS\Application.h">
      <Filter>GEWS</Filter>
    </ClInclude>
    <ClInclude Include="src\GEWS\Core.h">
      <Filter>GEWS</Filter>
    </ClInclude>
    <ClInclude Include="src\GEWS\EntryPoint.h">
      <Filter>GEWS</Filter>
    </ClInclude>
    <ClInclude Include="src\GEWS\Events\ApplicationEvent.h">
      <Filter>GEWS\Events</Filter>
    </ClInclude>
    <ClInclude Include="src\GEWS\Events\Event.h">
      <Filter>GEWS\Events</Filter>
    </ClInclude>
    <ClInclude Include="src\GEWS\Events\KeyEvent.h">
      <Filter>GEWS\Events</Filter>
    </ClInclude>
    <ClInclude Include="src\GEWS\Events\MouseEvent.h">
      <Filter>GEWS\Events</Filter>
    </ClInclude>
    <ClInclude Include="src\GEWS\Log.h">
      <Filter>GEWS</Filter>
    </ClInclude>
  </ItemGroup>
  <ItemGroup>
    <ClCompile Include="src\GEWS\Application.cpp">
      <Filter>GEWS</Filter>
    </ClCompile>
    <ClCompile Include="src\GEWS\Log.cpp">
      <Filter>GEWS</Filter>
    </ClCompile>
  </ItemGroup>
</Project>